// !$*UTF8*$!
{
	archiveVersion = 1;
	classes = {
	};
	objectVersion = 46;
	objects = {

/* Begin PBXBuildFile section */
		587E7126284DF53B00A6529F /* UIView+LCHelp.m in Sources */ = {isa = PBXBuildFile; fileRef = 587E7101284DF53B00A6529F /* UIView+LCHelp.m */; };
		587E7127284DF53B00A6529F /* UIButton+LCHelp.m in Sources */ = {isa = PBXBuildFile; fileRef = 587E7102284DF53B00A6529F /* UIButton+LCHelp.m */; };
		587E7128284DF53B00A6529F /* UIColor+LCHelp.m in Sources */ = {isa = PBXBuildFile; fileRef = 587E7103284DF53B00A6529F /* UIColor+LCHelp.m */; };
		587E7129284DF53B00A6529F /* UIBarButtonItem+LCHelp.m in Sources */ = {isa = PBXBuildFile; fileRef = 587E7104284DF53B00A6529F /* UIBarButtonItem+LCHelp.m */; };
		587E712A284DF53B00A6529F /* UIControl+LCHelp.m in Sources */ = {isa = PBXBuildFile; fileRef = 587E7105284DF53B00A6529F /* UIControl+LCHelp.m */; };
		587E712B284DF53B00A6529F /* UIAlertController+LCHelp.m in Sources */ = {isa = PBXBuildFile; fileRef = 587E7108284DF53B00A6529F /* UIAlertController+LCHelp.m */; };
		587E712C284DF53B00A6529F /* UIImage+LCHelp.m in Sources */ = {isa = PBXBuildFile; fileRef = 587E7109284DF53B00A6529F /* UIImage+LCHelp.m */; };
		587E712D284DF53B00A6529F /* UIAlertView+LCHelp.m in Sources */ = {isa = PBXBuildFile; fileRef = 587E710C284DF53B00A6529F /* UIAlertView+LCHelp.m */; };
		587E712E284DF53B00A6529F /* UIActionSheet+LCHelp.m in Sources */ = {isa = PBXBuildFile; fileRef = 587E7111284DF53B00A6529F /* UIActionSheet+LCHelp.m */; };
		587E712F284DF53B00A6529F /* NSObject+LCHelp.m in Sources */ = {isa = PBXBuildFile; fileRef = 587E7113284DF53B00A6529F /* NSObject+LCHelp.m */; };
		587E7130284DF53B00A6529F /* NSData+LCHelp.m in Sources */ = {isa = PBXBuildFile; fileRef = 587E7116284DF53B00A6529F /* NSData+LCHelp.m */; };
		587E7131284DF53B00A6529F /* NSTimer+LCHelp.m in Sources */ = {isa = PBXBuildFile; fileRef = 587E7117284DF53B00A6529F /* NSTimer+LCHelp.m */; };
		587E7132284DF53B00A6529F /* NSDictionary+LCHelp.m in Sources */ = {isa = PBXBuildFile; fileRef = 587E711C284DF53B00A6529F /* NSDictionary+LCHelp.m */; };
		587E7133284DF53B00A6529F /* LCCrypto.m in Sources */ = {isa = PBXBuildFile; fileRef = 587E711D284DF53B00A6529F /* LCCrypto.m */; };
		587E7134284DF53B00A6529F /* NSNumber+LCHelp.m in Sources */ = {isa = PBXBuildFile; fileRef = 587E711F284DF53B00A6529F /* NSNumber+LCHelp.m */; };
		587E7135284DF53B00A6529F /* NSArray+LCHelp.m in Sources */ = {isa = PBXBuildFile; fileRef = 587E7122284DF53B00A6529F /* NSArray+LCHelp.m */; };
		587E7136284DF53B00A6529F /* NSDate+LCHelp.m in Sources */ = {isa = PBXBuildFile; fileRef = 587E7123284DF53B00A6529F /* NSDate+LCHelp.m */; };
		587E7137284DF53B00A6529F /* NSString+LCHelp.m in Sources */ = {isa = PBXBuildFile; fileRef = 587E7124284DF53B00A6529F /* NSString+LCHelp.m */; };
		588AB37D285ACE3000441FD5 /* 1655257461042.jpg in Resources */ = {isa = PBXBuildFile; fileRef = 588AB37C285ACE3000441FD5 /* 1655257461042.jpg */; };
		58E389F61D51FB34007DB1D0 /* main.m in Sources */ = {isa = PBXBuildFile; fileRef = 58E389F51D51FB34007DB1D0 /* main.m */; };
		58E389F91D51FB34007DB1D0 /* AppDelegate.m in Sources */ = {isa = PBXBuildFile; fileRef = 58E389F81D51FB34007DB1D0 /* AppDelegate.m */; };
		58E389FC1D51FB35007DB1D0 /* ViewController.m in Sources */ = {isa = PBXBuildFile; fileRef = 58E389FB1D51FB35007DB1D0 /* ViewController.m */; };
		58E389FF1D51FB35007DB1D0 /* Main.storyboard in Resources */ = {isa = PBXBuildFile; fileRef = 58E389FD1D51FB35007DB1D0 /* Main.storyboard */; };
		58E38A011D51FB35007DB1D0 /* Assets.xcassets in Resources */ = {isa = PBXBuildFile; fileRef = 58E38A001D51FB35007DB1D0 /* Assets.xcassets */; };
		58E38A041D51FB35007DB1D0 /* LaunchScreen.storyboard in Resources */ = {isa = PBXBuildFile; fileRef = 58E38A021D51FB35007DB1D0 /* LaunchScreen.storyboard */; };
		58E38A0F1D51FB38007DB1D0 /* LCHelperDemoTests.m in Sources */ = {isa = PBXBuildFile; fileRef = 58E38A0E1D51FB38007DB1D0 /* LCHelperDemoTests.m */; };
		58E38A1A1D51FB38007DB1D0 /* LCHelperDemoUITests.m in Sources */ = {isa = PBXBuildFile; fileRef = 58E38A191D51FB38007DB1D0 /* LCHelperDemoUITests.m */; };
/* End PBXBuildFile section */

/* Begin PBXContainerItemProxy section */
		58E38A0B1D51FB38007DB1D0 /* PBXContainerItemProxy */ = {
			isa = PBXContainerItemProxy;
			containerPortal = 58E389E91D51FB33007DB1D0 /* Project object */;
			proxyType = 1;
			remoteGlobalIDString = 58E389F01D51FB33007DB1D0;
			remoteInfo = LCHelperDemo;
		};
		58E38A161D51FB38007DB1D0 /* PBXContainerItemProxy */ = {
			isa = PBXContainerItemProxy;
			containerPortal = 58E389E91D51FB33007DB1D0 /* Project object */;
			proxyType = 1;
			remoteGlobalIDString = 58E389F01D51FB33007DB1D0;
			remoteInfo = LCHelperDemo;
		};
/* End PBXContainerItemProxy section */

/* Begin PBXFileReference section */
		587E7100284DF53B00A6529F /* UIImage+LCHelp.h */ = {isa = PBXFileReference; fileEncoding = 4; lastKnownFileType = sourcecode.c.h; path = "UIImage+LCHelp.h"; sourceTree = "<group>"; };
		587E7101284DF53B00A6529F /* UIView+LCHelp.m */ = {isa = PBXFileReference; fileEncoding = 4; lastKnownFileType = sourcecode.c.objc; path = "UIView+LCHelp.m"; sourceTree = "<group>"; };
		587E7102284DF53B00A6529F /* UIButton+LCHelp.m */ = {isa = PBXFileReference; fileEncoding = 4; lastKnownFileType = sourcecode.c.objc; path = "UIButton+LCHelp.m"; sourceTree = "<group>"; };
		587E7103284DF53B00A6529F /* UIColor+LCHelp.m */ = {isa = PBXFileReference; fileEncoding = 4; lastKnownFileType = sourcecode.c.objc; path = "UIColor+LCHelp.m"; sourceTree = "<group>"; };
		587E7104284DF53B00A6529F /* UIBarButtonItem+LCHelp.m */ = {isa = PBXFileReference; fileEncoding = 4; lastKnownFileType = sourcecode.c.objc; path = "UIBarButtonItem+LCHelp.m"; sourceTree = "<group>"; };
		587E7105284DF53B00A6529F /* UIControl+LCHelp.m */ = {isa = PBXFileReference; fileEncoding = 4; lastKnownFileType = sourcecode.c.objc; path = "UIControl+LCHelp.m"; sourceTree = "<group>"; };
		587E7106284DF53B00A6529F /* UIAlertView+LCHelp.h */ = {isa = PBXFileReference; fileEncoding = 4; lastKnownFileType = sourcecode.c.h; path = "UIAlertView+LCHelp.h"; sourceTree = "<group>"; };
		587E7107284DF53B00A6529F /* UIActionSheet+LCHelp.h */ = {isa = PBXFileReference; fileEncoding = 4; lastKnownFileType = sourcecode.c.h; path = "UIActionSheet+LCHelp.h"; sourceTree = "<group>"; };
		587E7108284DF53B00A6529F /* UIAlertController+LCHelp.m */ = {isa = PBXFileReference; fileEncoding = 4; lastKnownFileType = sourcecode.c.objc; path = "UIAlertController+LCHelp.m"; sourceTree = "<group>"; };
		587E7109284DF53B00A6529F /* UIImage+LCHelp.m */ = {isa = PBXFileReference; fileEncoding = 4; lastKnownFileType = sourcecode.c.objc; path = "UIImage+LCHelp.m"; sourceTree = "<group>"; };
		587E710A284DF53B00A6529F /* UIButton+LCHelp.h */ = {isa = PBXFileReference; fileEncoding = 4; lastKnownFileType = sourcecode.c.h; path = "UIButton+LCHelp.h"; sourceTree = "<group>"; };
		587E710B284DF53B00A6529F /* UIView+LCHelp.h */ = {isa = PBXFileReference; fileEncoding = 4; lastKnownFileType = sourcecode.c.h; path = "UIView+LCHelp.h"; sourceTree = "<group>"; };
		587E710C284DF53B00A6529F /* UIAlertView+LCHelp.m */ = {isa = PBXFileReference; fileEncoding = 4; lastKnownFileType = sourcecode.c.objc; path = "UIAlertView+LCHelp.m"; sourceTree = "<group>"; };
		587E710D284DF53B00A6529F /* UIControl+LCHelp.h */ = {isa = PBXFileReference; fileEncoding = 4; lastKnownFileType = sourcecode.c.h; path = "UIControl+LCHelp.h"; sourceTree = "<group>"; };
		587E710E284DF53B00A6529F /* UIBarButtonItem+LCHelp.h */ = {isa = PBXFileReference; fileEncoding = 4; lastKnownFileType = sourcecode.c.h; path = "UIBarButtonItem+LCHelp.h"; sourceTree = "<group>"; };
		587E710F284DF53B00A6529F /* UIColor+LCHelp.h */ = {isa = PBXFileReference; fileEncoding = 4; lastKnownFileType = sourcecode.c.h; path = "UIColor+LCHelp.h"; sourceTree = "<group>"; };
		587E7110284DF53B00A6529F /* UIAlertController+LCHelp.h */ = {isa = PBXFileReference; fileEncoding = 4; lastKnownFileType = sourcecode.c.h; path = "UIAlertController+LCHelp.h"; sourceTree = "<group>"; };
		587E7111284DF53B00A6529F /* UIActionSheet+LCHelp.m */ = {isa = PBXFileReference; fileEncoding = 4; lastKnownFileType = sourcecode.c.objc; path = "UIActionSheet+LCHelp.m"; sourceTree = "<group>"; };
		587E7113284DF53B00A6529F /* NSObject+LCHelp.m */ = {isa = PBXFileReference; fileEncoding = 4; lastKnownFileType = sourcecode.c.objc; path = "NSObject+LCHelp.m"; sourceTree = "<group>"; };
		587E7114284DF53B00A6529F /* LCCrypto.h */ = {isa = PBXFileReference; fileEncoding = 4; lastKnownFileType = sourcecode.c.h; path = LCCrypto.h; sourceTree = "<group>"; };
		587E7115284DF53B00A6529F /* NSDictionary+LCHelp.h */ = {isa = PBXFileReference; fileEncoding = 4; lastKnownFileType = sourcecode.c.h; path = "NSDictionary+LCHelp.h"; sourceTree = "<group>"; };
		587E7116284DF53B00A6529F /* NSData+LCHelp.m */ = {isa = PBXFileReference; fileEncoding = 4; lastKnownFileType = sourcecode.c.objc; path = "NSData+LCHelp.m"; sourceTree = "<group>"; };
		587E7117284DF53B00A6529F /* NSTimer+LCHelp.m */ = {isa = PBXFileReference; fileEncoding = 4; lastKnownFileType = sourcecode.c.objc; path = "NSTimer+LCHelp.m"; sourceTree = "<group>"; };
		587E7118284DF53B00A6529F /* NSNumber+LCHelp.h */ = {isa = PBXFileReference; fileEncoding = 4; lastKnownFileType = sourcecode.c.h; path = "NSNumber+LCHelp.h"; sourceTree = "<group>"; };
		587E7119284DF53B00A6529F /* NSArray+LCHelp.h */ = {isa = PBXFileReference; fileEncoding = 4; lastKnownFileType = sourcecode.c.h; path = "NSArray+LCHelp.h"; sourceTree = "<group>"; };
		587E711A284DF53B00A6529F /* NSString+LCHelp.h */ = {isa = PBXFileReference; fileEncoding = 4; lastKnownFileType = sourcecode.c.h; path = "NSString+LCHelp.h"; sourceTree = "<group>"; };
		587E711B284DF53B00A6529F /* NSDate+LCHelp.h */ = {isa = PBXFileReference; fileEncoding = 4; lastKnownFileType = sourcecode.c.h; path = "NSDate+LCHelp.h"; sourceTree = "<group>"; };
		587E711C284DF53B00A6529F /* NSDictionary+LCHelp.m */ = {isa = PBXFileReference; fileEncoding = 4; lastKnownFileType = sourcecode.c.objc; path = "NSDictionary+LCHelp.m"; sourceTree = "<group>"; };
		587E711D284DF53B00A6529F /* LCCrypto.m */ = {isa = PBXFileReference; fileEncoding = 4; lastKnownFileType = sourcecode.c.objc; path = LCCrypto.m; sourceTree = "<group>"; };
		587E711E284DF53B00A6529F /* NSObject+LCHelp.h */ = {isa = PBXFileReference; fileEncoding = 4; lastKnownFileType = sourcecode.c.h; path = "NSObject+LCHelp.h"; sourceTree = "<group>"; };
		587E711F284DF53B00A6529F /* NSNumber+LCHelp.m */ = {isa = PBXFileReference; fileEncoding = 4; lastKnownFileType = sourcecode.c.objc; path = "NSNumber+LCHelp.m"; sourceTree = "<group>"; };
		587E7120284DF53B00A6529F /* NSTimer+LCHelp.h */ = {isa = PBXFileReference; fileEncoding = 4; lastKnownFileType = sourcecode.c.h; path = "NSTimer+LCHelp.h"; sourceTree = "<group>"; };
		587E7121284DF53B00A6529F /* NSData+LCHelp.h */ = {isa = PBXFileReference; fileEncoding = 4; lastKnownFileType = sourcecode.c.h; path = "NSData+LCHelp.h"; sourceTree = "<group>"; };
		587E7122284DF53B00A6529F /* NSArray+LCHelp.m */ = {isa = PBXFileReference; fileEncoding = 4; lastKnownFileType = sourcecode.c.objc; path = "NSArray+LCHelp.m"; sourceTree = "<group>"; };
		587E7123284DF53B00A6529F /* NSDate+LCHelp.m */ = {isa = PBXFileReference; fileEncoding = 4; lastKnownFileType = sourcecode.c.objc; path = "NSDate+LCHelp.m"; sourceTree = "<group>"; };
		587E7124284DF53B00A6529F /* NSString+LCHelp.m */ = {isa = PBXFileReference; fileEncoding = 4; lastKnownFileType = sourcecode.c.objc; path = "NSString+LCHelp.m"; sourceTree = "<group>"; };
		587E7125284DF53B00A6529F /* LCHelper.h */ = {isa = PBXFileReference; fileEncoding = 4; lastKnownFileType = sourcecode.c.h; path = LCHelper.h; sourceTree = "<group>"; };
		588AB37C285ACE3000441FD5 /* 1655257461042.jpg */ = {isa = PBXFileReference; lastKnownFileType = image.jpeg; path = 1655257461042.jpg; sourceTree = "<group>"; };
		58E389F11D51FB33007DB1D0 /* LCHelperDemo.app */ = {isa = PBXFileReference; explicitFileType = wrapper.application; includeInIndex = 0; path = LCHelperDemo.app; sourceTree = BUILT_PRODUCTS_DIR; };
		58E389F51D51FB34007DB1D0 /* main.m */ = {isa = PBXFileReference; lastKnownFileType = sourcecode.c.objc; path = main.m; sourceTree = "<group>"; };
		58E389F71D51FB34007DB1D0 /* AppDelegate.h */ = {isa = PBXFileReference; lastKnownFileType = sourcecode.c.h; path = AppDelegate.h; sourceTree = "<group>"; };
		58E389F81D51FB34007DB1D0 /* AppDelegate.m */ = {isa = PBXFileReference; lastKnownFileType = sourcecode.c.objc; path = AppDelegate.m; sourceTree = "<group>"; };
		58E389FA1D51FB34007DB1D0 /* ViewController.h */ = {isa = PBXFileReference; lastKnownFileType = sourcecode.c.h; path = ViewController.h; sourceTree = "<group>"; };
		58E389FB1D51FB35007DB1D0 /* ViewController.m */ = {isa = PBXFileReference; lastKnownFileType = sourcecode.c.objc; path = ViewController.m; sourceTree = "<group>"; };
		58E389FE1D51FB35007DB1D0 /* Base */ = {isa = PBXFileReference; lastKnownFileType = file.storyboard; name = Base; path = Base.lproj/Main.storyboard; sourceTree = "<group>"; };
		58E38A001D51FB35007DB1D0 /* Assets.xcassets */ = {isa = PBXFileReference; lastKnownFileType = folder.assetcatalog; path = Assets.xcassets; sourceTree = "<group>"; };
		58E38A031D51FB35007DB1D0 /* Base */ = {isa = PBXFileReference; lastKnownFileType = file.storyboard; name = Base; path = Base.lproj/LaunchScreen.storyboard; sourceTree = "<group>"; };
		58E38A051D51FB35007DB1D0 /* Info.plist */ = {isa = PBXFileReference; lastKnownFileType = text.plist.xml; path = Info.plist; sourceTree = "<group>"; };
		58E38A0A1D51FB38007DB1D0 /* LCHelperDemoTests.xctest */ = {isa = PBXFileReference; explicitFileType = wrapper.cfbundle; includeInIndex = 0; path = LCHelperDemoTests.xctest; sourceTree = BUILT_PRODUCTS_DIR; };
		58E38A0E1D51FB38007DB1D0 /* LCHelperDemoTests.m */ = {isa = PBXFileReference; lastKnownFileType = sourcecode.c.objc; path = LCHelperDemoTests.m; sourceTree = "<group>"; };
		58E38A101D51FB38007DB1D0 /* Info.plist */ = {isa = PBXFileReference; lastKnownFileType = text.plist.xml; path = Info.plist; sourceTree = "<group>"; };
		58E38A151D51FB38007DB1D0 /* LCHelperDemoUITests.xctest */ = {isa = PBXFileReference; explicitFileType = wrapper.cfbundle; includeInIndex = 0; path = LCHelperDemoUITests.xctest; sourceTree = BUILT_PRODUCTS_DIR; };
		58E38A191D51FB38007DB1D0 /* LCHelperDemoUITests.m */ = {isa = PBXFileReference; lastKnownFileType = sourcecode.c.objc; path = LCHelperDemoUITests.m; sourceTree = "<group>"; };
		58E38A1B1D51FB38007DB1D0 /* Info.plist */ = {isa = PBXFileReference; lastKnownFileType = text.plist.xml; path = Info.plist; sourceTree = "<group>"; };
/* End PBXFileReference section */

/* Begin PBXFrameworksBuildPhase section */
		58E389EE1D51FB33007DB1D0 /* Frameworks */ = {
			isa = PBXFrameworksBuildPhase;
			buildActionMask = 2147483647;
			files = (
			);
			runOnlyForDeploymentPostprocessing = 0;
		};
		58E38A071D51FB38007DB1D0 /* Frameworks */ = {
			isa = PBXFrameworksBuildPhase;
			buildActionMask = 2147483647;
			files = (
			);
			runOnlyForDeploymentPostprocessing = 0;
		};
		58E38A121D51FB38007DB1D0 /* Frameworks */ = {
			isa = PBXFrameworksBuildPhase;
			buildActionMask = 2147483647;
			files = (
			);
			runOnlyForDeploymentPostprocessing = 0;
		};
/* End PBXFrameworksBuildPhase section */

/* Begin PBXGroup section */
		587E70FE284DF53B00A6529F /* LCHelper */ = {
			isa = PBXGroup;
			children = (
				587E70FF284DF53B00A6529F /* UIKit */,
				587E7112284DF53B00A6529F /* Foundation */,
				587E7125284DF53B00A6529F /* LCHelper.h */,
			);
			name = LCHelper;
			path = ../../LCHelper;
			sourceTree = "<group>";
		};
		587E70FF284DF53B00A6529F /* UIKit */ = {
			isa = PBXGroup;
			children = (
				587E7107284DF53B00A6529F /* UIActionSheet+LCHelp.h */,
				587E7111284DF53B00A6529F /* UIActionSheet+LCHelp.m */,
				587E7110284DF53B00A6529F /* UIAlertController+LCHelp.h */,
				587E7108284DF53B00A6529F /* UIAlertController+LCHelp.m */,
				587E7106284DF53B00A6529F /* UIAlertView+LCHelp.h */,
				587E710C284DF53B00A6529F /* UIAlertView+LCHelp.m */,
				587E710E284DF53B00A6529F /* UIBarButtonItem+LCHelp.h */,
				587E7104284DF53B00A6529F /* UIBarButtonItem+LCHelp.m */,
				587E710A284DF53B00A6529F /* UIButton+LCHelp.h */,
				587E7102284DF53B00A6529F /* UIButton+LCHelp.m */,
				587E710F284DF53B00A6529F /* UIColor+LCHelp.h */,
				587E7103284DF53B00A6529F /* UIColor+LCHelp.m */,
				587E710D284DF53B00A6529F /* UIControl+LCHelp.h */,
				587E7105284DF53B00A6529F /* UIControl+LCHelp.m */,
				587E7100284DF53B00A6529F /* UIImage+LCHelp.h */,
				587E7109284DF53B00A6529F /* UIImage+LCHelp.m */,
				587E710B284DF53B00A6529F /* UIView+LCHelp.h */,
				587E7101284DF53B00A6529F /* UIView+LCHelp.m */,
			);
			path = UIKit;
			sourceTree = "<group>";
		};
		587E7112284DF53B00A6529F /* Foundation */ = {
			isa = PBXGroup;
			children = (
				587E7114284DF53B00A6529F /* LCCrypto.h */,
				587E711D284DF53B00A6529F /* LCCrypto.m */,
				587E7119284DF53B00A6529F /* NSArray+LCHelp.h */,
				587E7122284DF53B00A6529F /* NSArray+LCHelp.m */,
				587E7121284DF53B00A6529F /* NSData+LCHelp.h */,
				587E7116284DF53B00A6529F /* NSData+LCHelp.m */,
				587E711B284DF53B00A6529F /* NSDate+LCHelp.h */,
				587E7123284DF53B00A6529F /* NSDate+LCHelp.m */,
				587E7115284DF53B00A6529F /* NSDictionary+LCHelp.h */,
				587E711C284DF53B00A6529F /* NSDictionary+LCHelp.m */,
				587E7118284DF53B00A6529F /* NSNumber+LCHelp.h */,
				587E711F284DF53B00A6529F /* NSNumber+LCHelp.m */,
				587E711E284DF53B00A6529F /* NSObject+LCHelp.h */,
				587E7113284DF53B00A6529F /* NSObject+LCHelp.m */,
				587E711A284DF53B00A6529F /* NSString+LCHelp.h */,
				587E7124284DF53B00A6529F /* NSString+LCHelp.m */,
				587E7120284DF53B00A6529F /* NSTimer+LCHelp.h */,
				587E7117284DF53B00A6529F /* NSTimer+LCHelp.m */,
			);
			path = Foundation;
			sourceTree = "<group>";
		};
		58E389E81D51FB33007DB1D0 = {
			isa = PBXGroup;
			children = (
				58E389F31D51FB34007DB1D0 /* LCHelperDemo */,
				58E38A0D1D51FB38007DB1D0 /* LCHelperDemoTests */,
				58E38A181D51FB38007DB1D0 /* LCHelperDemoUITests */,
				58E389F21D51FB33007DB1D0 /* Products */,
			);
			sourceTree = "<group>";
		};
		58E389F21D51FB33007DB1D0 /* Products */ = {
			isa = PBXGroup;
			children = (
				58E389F11D51FB33007DB1D0 /* LCHelperDemo.app */,
				58E38A0A1D51FB38007DB1D0 /* LCHelperDemoTests.xctest */,
				58E38A151D51FB38007DB1D0 /* LCHelperDemoUITests.xctest */,
			);
			name = Products;
			sourceTree = "<group>";
		};
		58E389F31D51FB34007DB1D0 /* LCHelperDemo */ = {
			isa = PBXGroup;
			children = (
				587E70FE284DF53B00A6529F /* LCHelper */,
				58E389F71D51FB34007DB1D0 /* AppDelegate.h */,
				58E389F81D51FB34007DB1D0 /* AppDelegate.m */,
				58E389FA1D51FB34007DB1D0 /* ViewController.h */,
				58E389FB1D51FB35007DB1D0 /* ViewController.m */,
				588AB37C285ACE3000441FD5 /* 1655257461042.jpg */,
				58E389FD1D51FB35007DB1D0 /* Main.storyboard */,
				58E38A001D51FB35007DB1D0 /* Assets.xcassets */,
				58E38A021D51FB35007DB1D0 /* LaunchScreen.storyboard */,
				58E38A051D51FB35007DB1D0 /* Info.plist */,
				58E389F41D51FB34007DB1D0 /* Supporting Files */,
			);
			path = LCHelperDemo;
			sourceTree = "<group>";
		};
		58E389F41D51FB34007DB1D0 /* Supporting Files */ = {
			isa = PBXGroup;
			children = (
				58E389F51D51FB34007DB1D0 /* main.m */,
			);
			name = "Supporting Files";
			sourceTree = "<group>";
		};
		58E38A0D1D51FB38007DB1D0 /* LCHelperDemoTests */ = {
			isa = PBXGroup;
			children = (
				58E38A0E1D51FB38007DB1D0 /* LCHelperDemoTests.m */,
				58E38A101D51FB38007DB1D0 /* Info.plist */,
			);
			path = LCHelperDemoTests;
			sourceTree = "<group>";
		};
		58E38A181D51FB38007DB1D0 /* LCHelperDemoUITests */ = {
			isa = PBXGroup;
			children = (
				58E38A191D51FB38007DB1D0 /* LCHelperDemoUITests.m */,
				58E38A1B1D51FB38007DB1D0 /* Info.plist */,
			);
			path = LCHelperDemoUITests;
			sourceTree = "<group>";
		};
/* End PBXGroup section */

/* Begin PBXNativeTarget section */
		58E389F01D51FB33007DB1D0 /* LCHelperDemo */ = {
			isa = PBXNativeTarget;
			buildConfigurationList = 58E38A1E1D51FB38007DB1D0 /* Build configuration list for PBXNativeTarget "LCHelperDemo" */;
			buildPhases = (
				58E389ED1D51FB33007DB1D0 /* Sources */,
				58E389EE1D51FB33007DB1D0 /* Frameworks */,
				58E389EF1D51FB33007DB1D0 /* Resources */,
			);
			buildRules = (
			);
			dependencies = (
			);
			name = LCHelperDemo;
			productName = LCHelperDemo;
			productReference = 58E389F11D51FB33007DB1D0 /* LCHelperDemo.app */;
			productType = "com.apple.product-type.application";
		};
		58E38A091D51FB38007DB1D0 /* LCHelperDemoTests */ = {
			isa = PBXNativeTarget;
			buildConfigurationList = 58E38A211D51FB38007DB1D0 /* Build configuration list for PBXNativeTarget "LCHelperDemoTests" */;
			buildPhases = (
				58E38A061D51FB38007DB1D0 /* Sources */,
				58E38A071D51FB38007DB1D0 /* Frameworks */,
				58E38A081D51FB38007DB1D0 /* Resources */,
			);
			buildRules = (
			);
			dependencies = (
				58E38A0C1D51FB38007DB1D0 /* PBXTargetDependency */,
			);
			name = LCHelperDemoTests;
			productName = LCHelperDemoTests;
			productReference = 58E38A0A1D51FB38007DB1D0 /* LCHelperDemoTests.xctest */;
			productType = "com.apple.product-type.bundle.unit-test";
		};
		58E38A141D51FB38007DB1D0 /* LCHelperDemoUITests */ = {
			isa = PBXNativeTarget;
			buildConfigurationList = 58E38A241D51FB38007DB1D0 /* Build configuration list for PBXNativeTarget "LCHelperDemoUITests" */;
			buildPhases = (
				58E38A111D51FB38007DB1D0 /* Sources */,
				58E38A121D51FB38007DB1D0 /* Frameworks */,
				58E38A131D51FB38007DB1D0 /* Resources */,
			);
			buildRules = (
			);
			dependencies = (
				58E38A171D51FB38007DB1D0 /* PBXTargetDependency */,
			);
			name = LCHelperDemoUITests;
			productName = LCHelperDemoUITests;
			productReference = 58E38A151D51FB38007DB1D0 /* LCHelperDemoUITests.xctest */;
			productType = "com.apple.product-type.bundle.ui-testing";
		};
/* End PBXNativeTarget section */

/* Begin PBXProject section */
		58E389E91D51FB33007DB1D0 /* Project object */ = {
			isa = PBXProject;
			attributes = {
				LastUpgradeCheck = 1220;
				ORGANIZATIONNAME = LiuChang;
				TargetAttributes = {
					58E389F01D51FB33007DB1D0 = {
						CreatedOnToolsVersion = 7.3;
					};
					58E38A091D51FB38007DB1D0 = {
						CreatedOnToolsVersion = 7.3;
						TestTargetID = 58E389F01D51FB33007DB1D0;
					};
					58E38A141D51FB38007DB1D0 = {
						CreatedOnToolsVersion = 7.3;
						TestTargetID = 58E389F01D51FB33007DB1D0;
					};
				};
			};
			buildConfigurationList = 58E389EC1D51FB33007DB1D0 /* Build configuration list for PBXProject "LCHelperDemo" */;
			compatibilityVersion = "Xcode 3.2";
			developmentRegion = en;
			hasScannedForEncodings = 0;
			knownRegions = (
				en,
				Base,
			);
			mainGroup = 58E389E81D51FB33007DB1D0;
			productRefGroup = 58E389F21D51FB33007DB1D0 /* Products */;
			projectDirPath = "";
			projectRoot = "";
			targets = (
				58E389F01D51FB33007DB1D0 /* LCHelperDemo */,
				58E38A091D51FB38007DB1D0 /* LCHelperDemoTests */,
				58E38A141D51FB38007DB1D0 /* LCHelperDemoUITests */,
			);
		};
/* End PBXProject section */

/* Begin PBXResourcesBuildPhase section */
		58E389EF1D51FB33007DB1D0 /* Resources */ = {
			isa = PBXResourcesBuildPhase;
			buildActionMask = 2147483647;
			files = (
				588AB37D285ACE3000441FD5 /* 1655257461042.jpg in Resources */,
				58E38A041D51FB35007DB1D0 /* LaunchScreen.storyboard in Resources */,
				58E38A011D51FB35007DB1D0 /* Assets.xcassets in Resources */,
				58E389FF1D51FB35007DB1D0 /* Main.storyboard in Resources */,
			);
			runOnlyForDeploymentPostprocessing = 0;
		};
		58E38A081D51FB38007DB1D0 /* Resources */ = {
			isa = PBXResourcesBuildPhase;
			buildActionMask = 2147483647;
			files = (
			);
			runOnlyForDeploymentPostprocessing = 0;
		};
		58E38A131D51FB38007DB1D0 /* Resources */ = {
			isa = PBXResourcesBuildPhase;
			buildActionMask = 2147483647;
			files = (
			);
			runOnlyForDeploymentPostprocessing = 0;
		};
/* End PBXResourcesBuildPhase section */

/* Begin PBXSourcesBuildPhase section */
		58E389ED1D51FB33007DB1D0 /* Sources */ = {
			isa = PBXSourcesBuildPhase;
			buildActionMask = 2147483647;
			files = (
				587E7133284DF53B00A6529F /* LCCrypto.m in Sources */,
				587E7131284DF53B00A6529F /* NSTimer+LCHelp.m in Sources */,
				587E712D284DF53B00A6529F /* UIAlertView+LCHelp.m in Sources */,
				587E7127284DF53B00A6529F /* UIButton+LCHelp.m in Sources */,
				587E712F284DF53B00A6529F /* NSObject+LCHelp.m in Sources */,
				587E7135284DF53B00A6529F /* NSArray+LCHelp.m in Sources */,
				587E7134284DF53B00A6529F /* NSNumber+LCHelp.m in Sources */,
				587E7128284DF53B00A6529F /* UIColor+LCHelp.m in Sources */,
				587E712B284DF53B00A6529F /* UIAlertController+LCHelp.m in Sources */,
				587E712C284DF53B00A6529F /* UIImage+LCHelp.m in Sources */,
				587E712E284DF53B00A6529F /* UIActionSheet+LCHelp.m in Sources */,
				58E389FC1D51FB35007DB1D0 /* ViewController.m in Sources */,
				58E389F91D51FB34007DB1D0 /* AppDelegate.m in Sources */,
				587E7132284DF53B00A6529F /* NSDictionary+LCHelp.m in Sources */,
				587E7126284DF53B00A6529F /* UIView+LCHelp.m in Sources */,
				587E7129284DF53B00A6529F /* UIBarButtonItem+LCHelp.m in Sources */,
				587E7136284DF53B00A6529F /* NSDate+LCHelp.m in Sources */,
				58E389F61D51FB34007DB1D0 /* main.m in Sources */,
				587E7130284DF53B00A6529F /* NSData+LCHelp.m in Sources */,
				587E7137284DF53B00A6529F /* NSString+LCHelp.m in Sources */,
				587E712A284DF53B00A6529F /* UIControl+LCHelp.m in Sources */,
			);
			runOnlyForDeploymentPostprocessing = 0;
		};
		58E38A061D51FB38007DB1D0 /* Sources */ = {
			isa = PBXSourcesBuildPhase;
			buildActionMask = 2147483647;
			files = (
				58E38A0F1D51FB38007DB1D0 /* LCHelperDemoTests.m in Sources */,
			);
			runOnlyForDeploymentPostprocessing = 0;
		};
		58E38A111D51FB38007DB1D0 /* Sources */ = {
			isa = PBXSourcesBuildPhase;
			buildActionMask = 2147483647;
			files = (
				58E38A1A1D51FB38007DB1D0 /* LCHelperDemoUITests.m in Sources */,
			);
			runOnlyForDeploymentPostprocessing = 0;
		};
/* End PBXSourcesBuildPhase section */

/* Begin PBXTargetDependency section */
		58E38A0C1D51FB38007DB1D0 /* PBXTargetDependency */ = {
			isa = PBXTargetDependency;
			target = 58E389F01D51FB33007DB1D0 /* LCHelperDemo */;
			targetProxy = 58E38A0B1D51FB38007DB1D0 /* PBXContainerItemProxy */;
		};
		58E38A171D51FB38007DB1D0 /* PBXTargetDependency */ = {
			isa = PBXTargetDependency;
			target = 58E389F01D51FB33007DB1D0 /* LCHelperDemo */;
			targetProxy = 58E38A161D51FB38007DB1D0 /* PBXContainerItemProxy */;
		};
/* End PBXTargetDependency section */

/* Begin PBXVariantGroup section */
		58E389FD1D51FB35007DB1D0 /* Main.storyboard */ = {
			isa = PBXVariantGroup;
			children = (
				58E389FE1D51FB35007DB1D0 /* Base */,
			);
			name = Main.storyboard;
			sourceTree = "<group>";
		};
		58E38A021D51FB35007DB1D0 /* LaunchScreen.storyboard */ = {
			isa = PBXVariantGroup;
			children = (
				58E38A031D51FB35007DB1D0 /* Base */,
			);
			name = LaunchScreen.storyboard;
			sourceTree = "<group>";
		};
/* End PBXVariantGroup section */

/* Begin XCBuildConfiguration section */
		58E38A1C1D51FB38007DB1D0 /* Debug */ = {
			isa = XCBuildConfiguration;
			buildSettings = {
				ALWAYS_SEARCH_USER_PATHS = NO;
				CLANG_ANALYZER_LOCALIZABILITY_NONLOCALIZED = YES;
				CLANG_ANALYZER_NONNULL = YES;
				CLANG_CXX_LANGUAGE_STANDARD = "gnu++0x";
				CLANG_CXX_LIBRARY = "libc++";
				CLANG_ENABLE_MODULES = YES;
				CLANG_ENABLE_OBJC_ARC = YES;
				CLANG_WARN_BLOCK_CAPTURE_AUTORELEASING = YES;
				CLANG_WARN_BOOL_CONVERSION = YES;
				CLANG_WARN_COMMA = YES;
				CLANG_WARN_CONSTANT_CONVERSION = YES;
				CLANG_WARN_DEPRECATED_OBJC_IMPLEMENTATIONS = YES;
				CLANG_WARN_DIRECT_OBJC_ISA_USAGE = YES_ERROR;
				CLANG_WARN_EMPTY_BODY = YES;
				CLANG_WARN_ENUM_CONVERSION = YES;
				CLANG_WARN_INFINITE_RECURSION = YES;
				CLANG_WARN_INT_CONVERSION = YES;
				CLANG_WARN_NON_LITERAL_NULL_CONVERSION = YES;
				CLANG_WARN_OBJC_IMPLICIT_RETAIN_SELF = YES;
				CLANG_WARN_OBJC_LITERAL_CONVERSION = YES;
				CLANG_WARN_OBJC_ROOT_CLASS = YES_ERROR;
				CLANG_WARN_QUOTED_INCLUDE_IN_FRAMEWORK_HEADER = YES;
				CLANG_WARN_RANGE_LOOP_ANALYSIS = YES;
				CLANG_WARN_STRICT_PROTOTYPES = YES;
				CLANG_WARN_SUSPICIOUS_MOVE = YES;
				CLANG_WARN_UNREACHABLE_CODE = YES;
				CLANG_WARN__DUPLICATE_METHOD_MATCH = YES;
				"CODE_SIGN_IDENTITY[sdk=iphoneos*]" = "iPhone Developer";
				COPY_PHASE_STRIP = NO;
				DEBUG_INFORMATION_FORMAT = dwarf;
				ENABLE_STRICT_OBJC_MSGSEND = YES;
				ENABLE_TESTABILITY = YES;
				GCC_C_LANGUAGE_STANDARD = gnu99;
				GCC_DYNAMIC_NO_PIC = NO;
				GCC_NO_COMMON_BLOCKS = YES;
				GCC_OPTIMIZATION_LEVEL = 0;
				GCC_PREPROCESSOR_DEFINITIONS = (
					"DEBUG=1",
					"$(inherited)",
				);
				GCC_WARN_64_TO_32_BIT_CONVERSION = YES;
				GCC_WARN_ABOUT_RETURN_TYPE = YES_ERROR;
				GCC_WARN_UNDECLARED_SELECTOR = YES;
				GCC_WARN_UNINITIALIZED_AUTOS = YES_AGGRESSIVE;
				GCC_WARN_UNUSED_FUNCTION = YES;
				GCC_WARN_UNUSED_VARIABLE = YES;
				IPHONEOS_DEPLOYMENT_TARGET = 12.0;
				MTL_ENABLE_DEBUG_INFO = YES;
				ONLY_ACTIVE_ARCH = YES;
				SDKROOT = iphoneos;
			};
			name = Debug;
		};
		58E38A1D1D51FB38007DB1D0 /* Release */ = {
			isa = XCBuildConfiguration;
			buildSettings = {
				ALWAYS_SEARCH_USER_PATHS = NO;
				CLANG_ANALYZER_LOCALIZABILITY_NONLOCALIZED = YES;
				CLANG_ANALYZER_NONNULL = YES;
				CLANG_CXX_LANGUAGE_STANDARD = "gnu++0x";
				CLANG_CXX_LIBRARY = "libc++";
				CLANG_ENABLE_MODULES = YES;
				CLANG_ENABLE_OBJC_ARC = YES;
				CLANG_WARN_BLOCK_CAPTURE_AUTORELEASING = YES;
				CLANG_WARN_BOOL_CONVERSION = YES;
				CLANG_WARN_COMMA = YES;
				CLANG_WARN_CONSTANT_CONVERSION = YES;
				CLANG_WARN_DEPRECATED_OBJC_IMPLEMENTATIONS = YES;
				CLANG_WARN_DIRECT_OBJC_ISA_USAGE = YES_ERROR;
				CLANG_WARN_EMPTY_BODY = YES;
				CLANG_WARN_ENUM_CONVERSION = YES;
				CLANG_WARN_INFINITE_RECURSION = YES;
				CLANG_WARN_INT_CONVERSION = YES;
				CLANG_WARN_NON_LITERAL_NULL_CONVERSION = YES;
				CLANG_WARN_OBJC_IMPLICIT_RETAIN_SELF = YES;
				CLANG_WARN_OBJC_LITERAL_CONVERSION = YES;
				CLANG_WARN_OBJC_ROOT_CLASS = YES_ERROR;
				CLANG_WARN_QUOTED_INCLUDE_IN_FRAMEWORK_HEADER = YES;
				CLANG_WARN_RANGE_LOOP_ANALYSIS = YES;
				CLANG_WARN_STRICT_PROTOTYPES = YES;
				CLANG_WARN_SUSPICIOUS_MOVE = YES;
				CLANG_WARN_UNREACHABLE_CODE = YES;
				CLANG_WARN__DUPLICATE_METHOD_MATCH = YES;
				"CODE_SIGN_IDENTITY[sdk=iphoneos*]" = "iPhone Developer";
				COPY_PHASE_STRIP = NO;
				DEBUG_INFORMATION_FORMAT = "dwarf-with-dsym";
				ENABLE_NS_ASSERTIONS = NO;
				ENABLE_STRICT_OBJC_MSGSEND = YES;
				GCC_C_LANGUAGE_STANDARD = gnu99;
				GCC_NO_COMMON_BLOCKS = YES;
				GCC_WARN_64_TO_32_BIT_CONVERSION = YES;
				GCC_WARN_ABOUT_RETURN_TYPE = YES_ERROR;
				GCC_WARN_UNDECLARED_SELECTOR = YES;
				GCC_WARN_UNINITIALIZED_AUTOS = YES_AGGRESSIVE;
				GCC_WARN_UNUSED_FUNCTION = YES;
				GCC_WARN_UNUSED_VARIABLE = YES;
				IPHONEOS_DEPLOYMENT_TARGET = 12.0;
				MTL_ENABLE_DEBUG_INFO = NO;
				SDKROOT = iphoneos;
				VALIDATE_PRODUCT = YES;
			};
			name = Release;
		};
		58E38A1F1D51FB38007DB1D0 /* Debug */ = {
			isa = XCBuildConfiguration;
			buildSettings = {
				ASSETCATALOG_COMPILER_APPICON_NAME = AppIcon;
				INFOPLIST_FILE = LCHelperDemo/Info.plist;
				IPHONEOS_DEPLOYMENT_TARGET = 12.0;
				LD_RUNPATH_SEARCH_PATHS = "$(inherited) @executable_path/Frameworks";
				PRODUCT_BUNDLE_IDENTIFIER = "LiuChang-Project.LCHelperDemo";
				PRODUCT_NAME = "$(TARGET_NAME)";
			};
			name = Debug;
		};
		58E38A201D51FB38007DB1D0 /* Release */ = {
			isa = XCBuildConfiguration;
			buildSettings = {
				ASSETCATALOG_COMPILER_APPICON_NAME = AppIcon;
				INFOPLIST_FILE = LCHelperDemo/Info.plist;
				IPHONEOS_DEPLOYMENT_TARGET = 12.0;
				LD_RUNPATH_SEARCH_PATHS = "$(inherited) @executable_path/Frameworks";
				PRODUCT_BUNDLE_IDENTIFIER = "LiuChang-Project.LCHelperDemo";
				PRODUCT_NAME = "$(TARGET_NAME)";
			};
			name = Release;
		};
		58E38A221D51FB38007DB1D0 /* Debug */ = {
			isa = XCBuildConfiguration;
			buildSettings = {
				BUNDLE_LOADER = "$(TEST_HOST)";
				INFOPLIST_FILE = LCHelperDemoTests/Info.plist;
				LD_RUNPATH_SEARCH_PATHS = "$(inherited) @executable_path/Frameworks @loader_path/Frameworks";
				PRODUCT_BUNDLE_IDENTIFIER = "LiuChang-Project.LCHelperDemoTests";
				PRODUCT_NAME = "$(TARGET_NAME)";
				TEST_HOST = "$(BUILT_PRODUCTS_DIR)/LCHelperDemo.app/LCHelperDemo";
			};
			name = Debug;
		};
		58E38A231D51FB38007DB1D0 /* Release */ = {
			isa = XCBuildConfiguration;
			buildSettings = {
				BUNDLE_LOADER = "$(TEST_HOST)";
				INFOPLIST_FILE = LCHelperDemoTests/Info.plist;
				LD_RUNPATH_SEARCH_PATHS = "$(inherited) @executable_path/Frameworks @loader_path/Frameworks";
				PRODUCT_BUNDLE_IDENTIFIER = "LiuChang-Project.LCHelperDemoTests";
				PRODUCT_NAME = "$(TARGET_NAME)";
				TEST_HOST = "$(BUILT_PRODUCTS_DIR)/LCHelperDemo.app/LCHelperDemo";
			};
			name = Release;
		};
		58E38A251D51FB38007DB1D0 /* Debug */ = {
			isa = XCBuildConfiguration;
			buildSettings = {
				INFOPLIST_FILE = LCHelperDemoUITests/Info.plist;
				LD_RUNPATH_SEARCH_PATHS = "$(inherited) @executable_path/Frameworks @loader_path/Frameworks";
				PRODUCT_BUNDLE_IDENTIFIER = "LiuChang-Project.LCHelperDemoUITests";
				PRODUCT_NAME = "$(TARGET_NAME)";
				TEST_TARGET_NAME = LCHelperDemo;
			};
			name = Debug;
		};
		58E38A261D51FB38007DB1D0 /* Release */ = {
			isa = XCBuildConfiguration;
			buildSettings = {
				INFOPLIST_FILE = LCHelperDemoUITests/Info.plist;
				LD_RUNPATH_SEARCH_PATHS = "$(inherited) @executable_path/Frameworks @loader_path/Frameworks";
				PRODUCT_BUNDLE_IDENTIFIER = "LiuChang-Project.LCHelperDemoUITests";
				PRODUCT_NAME = "$(TARGET_NAME)";
				TEST_TARGET_NAME = LCHelperDemo;
			};
			name = Release;
		};
/* End XCBuildConfiguration section */

/* Begin XCConfigurationList section */
		58E389EC1D51FB33007DB1D0 /* Build configuration list for PBXProject "LCHelperDemo" */ = {
			isa = XCConfigurationList;
			buildConfigurations = (
				58E38A1C1D51FB38007DB1D0 /* Debug */,
				58E38A1D1D51FB38007DB1D0 /* Release */,
			);
			defaultConfigurationIsVisible = 0;
			defaultConfigurationName = Release;
		};
		58E38A1E1D51FB38007DB1D0 /* Build configuration list for PBXNativeTarget "LCHelperDemo" */ = {
			isa = XCConfigurationList;
			buildConfigurations = (
				58E38A1F1D51FB38007DB1D0 /* Debug */,
				58E38A201D51FB38007DB1D0 /* Release */,
			);
			defaultConfigurationIsVisible = 0;
			defaultConfigurationName = Release;
		};
		58E38A211D51FB38007DB1D0 /* Build configuration list for PBXNativeTarget "LCHelperDemoTests" */ = {
			isa = XCConfigurationList;
			buildConfigurations = (
				58E38A221D51FB38007DB1D0 /* Debug */,
				58E38A231D51FB38007DB1D0 /* Release */,
			);
			defaultConfigurationIsVisible = 0;
			defaultConfigurationName = Release;
		};
		58E38A241D51FB38007DB1D0 /* Build configuration list for PBXNativeTarget "LCHelperDemoUITests" */ = {
			isa = XCConfigurationList;
			buildConfigurations = (
				58E38A251D51FB38007DB1D0 /* Debug */,
				58E38A261D51FB38007DB1D0 /* Release */,
			);
			defaultConfigurationIsVisible = 0;
			defaultConfigurationName = Release;
		};
/* End XCConfigurationList section */
	};
	rootObject = 58E389E91D51FB33007DB1D0 /* Project object */;
}
