// !$*UTF8*$!
{
	archiveVersion = 1;
	classes = {
	};
	objectVersion = 46;
	objects = {

/* Begin PBXBuildFile section */
		58E389081D51D032007DB1D0 /* main.m in Sources */ = {isa = PBXBuildFile; fileRef = 58E389071D51D032007DB1D0 /* main.m */; };
		58E3890B1D51D032007DB1D0 /* AppDelegate.m in Sources */ = {isa = PBXBuildFile; fileRef = 58E3890A1D51D032007DB1D0 /* AppDelegate.m */; };
		58E3890E1D51D032007DB1D0 /* ViewController.m in Sources */ = {isa = PBXBuildFile; fileRef = 58E3890D1D51D032007DB1D0 /* ViewController.m */; };
		58E389111D51D032007DB1D0 /* Main.storyboard in Resources */ = {isa = PBXBuildFile; fileRef = 58E3890F1D51D032007DB1D0 /* Main.storyboard */; };
		58E389131D51D032007DB1D0 /* Assets.xcassets in Resources */ = {isa = PBXBuildFile; fileRef = 58E389121D51D032007DB1D0 /* Assets.xcassets */; };
		58E389161D51D032007DB1D0 /* LaunchScreen.storyboard in Resources */ = {isa = PBXBuildFile; fileRef = 58E389141D51D032007DB1D0 /* LaunchScreen.storyboard */; };
		58E389211D51D032007DB1D0 /* LCHelperTests.m in Sources */ = {isa = PBXBuildFile; fileRef = 58E389201D51D032007DB1D0 /* LCHelperTests.m */; };
		58E3892C1D51D033007DB1D0 /* LCHelperUITests.m in Sources */ = {isa = PBXBuildFile; fileRef = 58E3892B1D51D033007DB1D0 /* LCHelperUITests.m */; };
		58E389AF1D51E3A1007DB1D0 /* Foundation+Log.m in Sources */ = {isa = PBXBuildFile; fileRef = 58E389921D51E3A1007DB1D0 /* Foundation+Log.m */; };
		58E389B01D51E3A1007DB1D0 /* NSDate+LCHelp.m in Sources */ = {isa = PBXBuildFile; fileRef = 58E389951D51E3A1007DB1D0 /* NSDate+LCHelp.m */; };
		58E389B11D51E3A1007DB1D0 /* NSNumber+LCHelp.m in Sources */ = {isa = PBXBuildFile; fileRef = 58E389971D51E3A1007DB1D0 /* NSNumber+LCHelp.m */; };
		58E389B21D51E3A1007DB1D0 /* NSObject+LCHelp.m in Sources */ = {isa = PBXBuildFile; fileRef = 58E389991D51E3A1007DB1D0 /* NSObject+LCHelp.m */; };
		58E389B31D51E3A1007DB1D0 /* NSTimer+LCHelp.m in Sources */ = {isa = PBXBuildFile; fileRef = 58E3899B1D51E3A1007DB1D0 /* NSTimer+LCHelp.m */; };
		58E389B41D51E3A1007DB1D0 /* UIBarButtonItem+LCHelp.m in Sources */ = {isa = PBXBuildFile; fileRef = 58E3899D1D51E3A1007DB1D0 /* UIBarButtonItem+LCHelp.m */; };
		58E389B51D51E3A1007DB1D0 /* UIColor+LCHelp.m in Sources */ = {isa = PBXBuildFile; fileRef = 58E3899F1D51E3A1007DB1D0 /* UIColor+LCHelp.m */; };
		58E389B61D51E3A1007DB1D0 /* UIControl+LCHelp.m in Sources */ = {isa = PBXBuildFile; fileRef = 58E389A11D51E3A1007DB1D0 /* UIControl+LCHelp.m */; };
		58E389B71D51E3A1007DB1D0 /* UIImage+LCHelp.m in Sources */ = {isa = PBXBuildFile; fileRef = 58E389A31D51E3A1007DB1D0 /* UIImage+LCHelp.m */; };
		58E389B81D51E3A1007DB1D0 /* UIImageView+LCHelp.m in Sources */ = {isa = PBXBuildFile; fileRef = 58E389A51D51E3A1007DB1D0 /* UIImageView+LCHelp.m */; };
		58E389B91D51E3A1007DB1D0 /* UIView+LCHelp.m in Sources */ = {isa = PBXBuildFile; fileRef = 58E389A71D51E3A1007DB1D0 /* UIView+LCHelp.m */; };
		58E389BA1D51E3A1007DB1D0 /* LCKeyboardManager.m in Sources */ = {isa = PBXBuildFile; fileRef = 58E389AB1D51E3A1007DB1D0 /* LCKeyboardManager.m */; };
		58E389BB1D51E3A1007DB1D0 /* LCModel.m in Sources */ = {isa = PBXBuildFile; fileRef = 58E389AD1D51E3A1007DB1D0 /* LCModel.m */; };
/* End PBXBuildFile section */

/* Begin PBXContainerItemProxy section */
		58E3891D1D51D032007DB1D0 /* PBXContainerItemProxy */ = {
			isa = PBXContainerItemProxy;
			containerPortal = 58E388FB1D51D031007DB1D0 /* Project object */;
			proxyType = 1;
			remoteGlobalIDString = 58E389021D51D031007DB1D0;
			remoteInfo = LCHelper;
		};
		58E389281D51D033007DB1D0 /* PBXContainerItemProxy */ = {
			isa = PBXContainerItemProxy;
			containerPortal = 58E388FB1D51D031007DB1D0 /* Project object */;
			proxyType = 1;
			remoteGlobalIDString = 58E389021D51D031007DB1D0;
			remoteInfo = LCHelper;
		};
/* End PBXContainerItemProxy section */

/* Begin PBXFileReference section */
		58E389031D51D031007DB1D0 /* LCHelper.app */ = {isa = PBXFileReference; explicitFileType = wrapper.application; includeInIndex = 0; path = LCHelper.app; sourceTree = BUILT_PRODUCTS_DIR; };
		58E389071D51D032007DB1D0 /* main.m */ = {isa = PBXFileReference; lastKnownFileType = sourcecode.c.objc; path = main.m; sourceTree = "<group>"; };
		58E389091D51D032007DB1D0 /* AppDelegate.h */ = {isa = PBXFileReference; lastKnownFileType = sourcecode.c.h; path = AppDelegate.h; sourceTree = "<group>"; };
		58E3890A1D51D032007DB1D0 /* AppDelegate.m */ = {isa = PBXFileReference; lastKnownFileType = sourcecode.c.objc; path = AppDelegate.m; sourceTree = "<group>"; };
		58E3890C1D51D032007DB1D0 /* ViewController.h */ = {isa = PBXFileReference; lastKnownFileType = sourcecode.c.h; path = ViewController.h; sourceTree = "<group>"; };
		58E3890D1D51D032007DB1D0 /* ViewController.m */ = {isa = PBXFileReference; lastKnownFileType = sourcecode.c.objc; path = ViewController.m; sourceTree = "<group>"; };
		58E389101D51D032007DB1D0 /* Base */ = {isa = PBXFileReference; lastKnownFileType = file.storyboard; name = Base; path = Base.lproj/Main.storyboard; sourceTree = "<group>"; };
		58E389121D51D032007DB1D0 /* Assets.xcassets */ = {isa = PBXFileReference; lastKnownFileType = folder.assetcatalog; path = Assets.xcassets; sourceTree = "<group>"; };
		58E389151D51D032007DB1D0 /* Base */ = {isa = PBXFileReference; lastKnownFileType = file.storyboard; name = Base; path = Base.lproj/LaunchScreen.storyboard; sourceTree = "<group>"; };
		58E389171D51D032007DB1D0 /* Info.plist */ = {isa = PBXFileReference; lastKnownFileType = text.plist.xml; path = Info.plist; sourceTree = "<group>"; };
		58E3891C1D51D032007DB1D0 /* LCHelperTests.xctest */ = {isa = PBXFileReference; explicitFileType = wrapper.cfbundle; includeInIndex = 0; path = LCHelperTests.xctest; sourceTree = BUILT_PRODUCTS_DIR; };
		58E389201D51D032007DB1D0 /* LCHelperTests.m */ = {isa = PBXFileReference; lastKnownFileType = sourcecode.c.objc; path = LCHelperTests.m; sourceTree = "<group>"; };
		58E389221D51D032007DB1D0 /* Info.plist */ = {isa = PBXFileReference; lastKnownFileType = text.plist.xml; path = Info.plist; sourceTree = "<group>"; };
		58E389271D51D033007DB1D0 /* LCHelperUITests.xctest */ = {isa = PBXFileReference; explicitFileType = wrapper.cfbundle; includeInIndex = 0; path = LCHelperUITests.xctest; sourceTree = BUILT_PRODUCTS_DIR; };
		58E3892B1D51D033007DB1D0 /* LCHelperUITests.m */ = {isa = PBXFileReference; lastKnownFileType = sourcecode.c.objc; path = LCHelperUITests.m; sourceTree = "<group>"; };
		58E3892D1D51D033007DB1D0 /* Info.plist */ = {isa = PBXFileReference; lastKnownFileType = text.plist.xml; path = Info.plist; sourceTree = "<group>"; };
		58E389921D51E3A1007DB1D0 /* Foundation+Log.m */ = {isa = PBXFileReference; fileEncoding = 4; lastKnownFileType = sourcecode.c.objc; path = "Foundation+Log.m"; sourceTree = "<group>"; };
		58E389931D51E3A1007DB1D0 /* LCExtension.h */ = {isa = PBXFileReference; fileEncoding = 4; lastKnownFileType = sourcecode.c.h; path = LCExtension.h; sourceTree = "<group>"; };
		58E389941D51E3A1007DB1D0 /* NSDate+LCHelp.h */ = {isa = PBXFileReference; fileEncoding = 4; lastKnownFileType = sourcecode.c.h; path = "NSDate+LCHelp.h"; sourceTree = "<group>"; };
		58E389951D51E3A1007DB1D0 /* NSDate+LCHelp.m */ = {isa = PBXFileReference; fileEncoding = 4; lastKnownFileType = sourcecode.c.objc; path = "NSDate+LCHelp.m"; sourceTree = "<group>"; };
		58E389961D51E3A1007DB1D0 /* NSNumber+LCHelp.h */ = {isa = PBXFileReference; fileEncoding = 4; lastKnownFileType = sourcecode.c.h; path = "NSNumber+LCHelp.h"; sourceTree = "<group>"; };
		58E389971D51E3A1007DB1D0 /* NSNumber+LCHelp.m */ = {isa = PBXFileReference; fileEncoding = 4; lastKnownFileType = sourcecode.c.objc; path = "NSNumber+LCHelp.m"; sourceTree = "<group>"; };
		58E389981D51E3A1007DB1D0 /* NSObject+LCHelp.h */ = {isa = PBXFileReference; fileEncoding = 4; lastKnownFileType = sourcecode.c.h; path = "NSObject+LCHelp.h"; sourceTree = "<group>"; };
		58E389991D51E3A1007DB1D0 /* NSObject+LCHelp.m */ = {isa = PBXFileReference; fileEncoding = 4; lastKnownFileType = sourcecode.c.objc; path = "NSObject+LCHelp.m"; sourceTree = "<group>"; };
		58E3899A1D51E3A1007DB1D0 /* NSTimer+LCHelp.h */ = {isa = PBXFileReference; fileEncoding = 4; lastKnownFileType = sourcecode.c.h; path = "NSTimer+LCHelp.h"; sourceTree = "<group>"; };
		58E3899B1D51E3A1007DB1D0 /* NSTimer+LCHelp.m */ = {isa = PBXFileReference; fileEncoding = 4; lastKnownFileType = sourcecode.c.objc; path = "NSTimer+LCHelp.m"; sourceTree = "<group>"; };
		58E3899C1D51E3A1007DB1D0 /* UIBarButtonItem+LCHelp.h */ = {isa = PBXFileReference; fileEncoding = 4; lastKnownFileType = sourcecode.c.h; path = "UIBarButtonItem+LCHelp.h"; sourceTree = "<group>"; };
		58E3899D1D51E3A1007DB1D0 /* UIBarButtonItem+LCHelp.m */ = {isa = PBXFileReference; fileEncoding = 4; lastKnownFileType = sourcecode.c.objc; path = "UIBarButtonItem+LCHelp.m"; sourceTree = "<group>"; };
		58E3899E1D51E3A1007DB1D0 /* UIColor+LCHelp.h */ = {isa = PBXFileReference; fileEncoding = 4; lastKnownFileType = sourcecode.c.h; path = "UIColor+LCHelp.h"; sourceTree = "<group>"; };
		58E3899F1D51E3A1007DB1D0 /* UIColor+LCHelp.m */ = {isa = PBXFileReference; fileEncoding = 4; lastKnownFileType = sourcecode.c.objc; path = "UIColor+LCHelp.m"; sourceTree = "<group>"; };
		58E389A01D51E3A1007DB1D0 /* UIControl+LCHelp.h */ = {isa = PBXFileReference; fileEncoding = 4; lastKnownFileType = sourcecode.c.h; path = "UIControl+LCHelp.h"; sourceTree = "<group>"; };
		58E389A11D51E3A1007DB1D0 /* UIControl+LCHelp.m */ = {isa = PBXFileReference; fileEncoding = 4; lastKnownFileType = sourcecode.c.objc; path = "UIControl+LCHelp.m"; sourceTree = "<group>"; };
		58E389A21D51E3A1007DB1D0 /* UIImage+LCHelp.h */ = {isa = PBXFileReference; fileEncoding = 4; lastKnownFileType = sourcecode.c.h; path = "UIImage+LCHelp.h"; sourceTree = "<group>"; };
		58E389A31D51E3A1007DB1D0 /* UIImage+LCHelp.m */ = {isa = PBXFileReference; fileEncoding = 4; lastKnownFileType = sourcecode.c.objc; path = "UIImage+LCHelp.m"; sourceTree = "<group>"; };
		58E389A41D51E3A1007DB1D0 /* UIImageView+LCHelp.h */ = {isa = PBXFileReference; fileEncoding = 4; lastKnownFileType = sourcecode.c.h; path = "UIImageView+LCHelp.h"; sourceTree = "<group>"; };
		58E389A51D51E3A1007DB1D0 /* UIImageView+LCHelp.m */ = {isa = PBXFileReference; fileEncoding = 4; lastKnownFileType = sourcecode.c.objc; path = "UIImageView+LCHelp.m"; sourceTree = "<group>"; };
		58E389A61D51E3A1007DB1D0 /* UIView+LCHelp.h */ = {isa = PBXFileReference; fileEncoding = 4; lastKnownFileType = sourcecode.c.h; path = "UIView+LCHelp.h"; sourceTree = "<group>"; };
		58E389A71D51E3A1007DB1D0 /* UIView+LCHelp.m */ = {isa = PBXFileReference; fileEncoding = 4; lastKnownFileType = sourcecode.c.objc; path = "UIView+LCHelp.m"; sourceTree = "<group>"; };
		58E389A81D51E3A1007DB1D0 /* LCHelp.h */ = {isa = PBXFileReference; fileEncoding = 4; lastKnownFileType = sourcecode.c.h; path = LCHelp.h; sourceTree = "<group>"; };
		58E389AA1D51E3A1007DB1D0 /* LCKeyboardManager.h */ = {isa = PBXFileReference; fileEncoding = 4; lastKnownFileType = sourcecode.c.h; path = LCKeyboardManager.h; sourceTree = "<group>"; };
		58E389AB1D51E3A1007DB1D0 /* LCKeyboardManager.m */ = {isa = PBXFileReference; fileEncoding = 4; lastKnownFileType = sourcecode.c.objc; path = LCKeyboardManager.m; sourceTree = "<group>"; };
		58E389AC1D51E3A1007DB1D0 /* LCModel.h */ = {isa = PBXFileReference; fileEncoding = 4; lastKnownFileType = sourcecode.c.h; path = LCModel.h; sourceTree = "<group>"; };
		58E389AD1D51E3A1007DB1D0 /* LCModel.m */ = {isa = PBXFileReference; fileEncoding = 4; lastKnownFileType = sourcecode.c.objc; path = LCModel.m; sourceTree = "<group>"; };
		58E389AE1D51E3A1007DB1D0 /* LCUtil.h */ = {isa = PBXFileReference; fileEncoding = 4; lastKnownFileType = sourcecode.c.h; path = LCUtil.h; sourceTree = "<group>"; };
/* End PBXFileReference section */

/* Begin PBXFrameworksBuildPhase section */
		58E389001D51D031007DB1D0 /* Frameworks */ = {
			isa = PBXFrameworksBuildPhase;
			buildActionMask = 2147483647;
			files = (
			);
			runOnlyForDeploymentPostprocessing = 0;
		};
		58E389191D51D032007DB1D0 /* Frameworks */ = {
			isa = PBXFrameworksBuildPhase;
			buildActionMask = 2147483647;
			files = (
			);
			runOnlyForDeploymentPostprocessing = 0;
		};
		58E389241D51D033007DB1D0 /* Frameworks */ = {
			isa = PBXFrameworksBuildPhase;
			buildActionMask = 2147483647;
			files = (
			);
			runOnlyForDeploymentPostprocessing = 0;
		};
/* End PBXFrameworksBuildPhase section */

/* Begin PBXGroup section */
		58E388FA1D51D031007DB1D0 = {
			isa = PBXGroup;
			children = (
				58E389051D51D032007DB1D0 /* LCHelper */,
				58E3891F1D51D032007DB1D0 /* LCHelperTests */,
				58E3892A1D51D033007DB1D0 /* LCHelperUITests */,
				58E389041D51D031007DB1D0 /* Products */,
			);
			sourceTree = "<group>";
		};
		58E389041D51D031007DB1D0 /* Products */ = {
			isa = PBXGroup;
			children = (
				58E389031D51D031007DB1D0 /* LCHelper.app */,
				58E3891C1D51D032007DB1D0 /* LCHelperTests.xctest */,
				58E389271D51D033007DB1D0 /* LCHelperUITests.xctest */,
			);
			name = Products;
			sourceTree = "<group>";
		};
		58E389051D51D032007DB1D0 /* LCHelper */ = {
			isa = PBXGroup;
			children = (
				58E389901D51E3A1007DB1D0 /* Helper */,
				58E389091D51D032007DB1D0 /* AppDelegate.h */,
				58E3890A1D51D032007DB1D0 /* AppDelegate.m */,
				58E3890C1D51D032007DB1D0 /* ViewController.h */,
				58E3890D1D51D032007DB1D0 /* ViewController.m */,
				58E389061D51D032007DB1D0 /* Supporting Files */,
			);
			path = LCHelper;
			sourceTree = "<group>";
		};
		58E389061D51D032007DB1D0 /* Supporting Files */ = {
			isa = PBXGroup;
			children = (
				58E3890F1D51D032007DB1D0 /* Main.storyboard */,
				58E389121D51D032007DB1D0 /* Assets.xcassets */,
				58E389141D51D032007DB1D0 /* LaunchScreen.storyboard */,
				58E389171D51D032007DB1D0 /* Info.plist */,
				58E389071D51D032007DB1D0 /* main.m */,
			);
			name = "Supporting Files";
			sourceTree = "<group>";
		};
		58E3891F1D51D032007DB1D0 /* LCHelperTests */ = {
			isa = PBXGroup;
			children = (
				58E389201D51D032007DB1D0 /* LCHelperTests.m */,
				58E389221D51D032007DB1D0 /* Info.plist */,
			);
			path = LCHelperTests;
			sourceTree = "<group>";
		};
		58E3892A1D51D033007DB1D0 /* LCHelperUITests */ = {
			isa = PBXGroup;
			children = (
				58E3892B1D51D033007DB1D0 /* LCHelperUITests.m */,
				58E3892D1D51D033007DB1D0 /* Info.plist */,
			);
			path = LCHelperUITests;
			sourceTree = "<group>";
		};
		58E389901D51E3A1007DB1D0 /* Helper */ = {
			isa = PBXGroup;
			children = (
				58E389911D51E3A1007DB1D0 /* Extensions */,
				58E389A81D51E3A1007DB1D0 /* LCHelp.h */,
				58E389A91D51E3A1007DB1D0 /* Utils */,
			);
			path = Helper;
			sourceTree = "<group>";
		};
		58E389911D51E3A1007DB1D0 /* Extensions */ = {
			isa = PBXGroup;
			children = (
				58E389921D51E3A1007DB1D0 /* Foundation+Log.m */,
				58E389931D51E3A1007DB1D0 /* LCExtension.h */,
				58E389941D51E3A1007DB1D0 /* NSDate+LCHelp.h */,
				58E389951D51E3A1007DB1D0 /* NSDate+LCHelp.m */,
				58E389961D51E3A1007DB1D0 /* NSNumber+LCHelp.h */,
				58E389971D51E3A1007DB1D0 /* NSNumber+LCHelp.m */,
				58E389981D51E3A1007DB1D0 /* NSObject+LCHelp.h */,
				58E389991D51E3A1007DB1D0 /* NSObject+LCHelp.m */,
				58E3899A1D51E3A1007DB1D0 /* NSTimer+LCHelp.h */,
				58E3899B1D51E3A1007DB1D0 /* NSTimer+LCHelp.m */,
				58E3899C1D51E3A1007DB1D0 /* UIBarButtonItem+LCHelp.h */,
				58E3899D1D51E3A1007DB1D0 /* UIBarButtonItem+LCHelp.m */,
				58E3899E1D51E3A1007DB1D0 /* UIColor+LCHelp.h */,
				58E3899F1D51E3A1007DB1D0 /* UIColor+LCHelp.m */,
				58E389A01D51E3A1007DB1D0 /* UIControl+LCHelp.h */,
				58E389A11D51E3A1007DB1D0 /* UIControl+LCHelp.m */,
				58E389A21D51E3A1007DB1D0 /* UIImage+LCHelp.h */,
				58E389A31D51E3A1007DB1D0 /* UIImage+LCHelp.m */,
				58E389A41D51E3A1007DB1D0 /* UIImageView+LCHelp.h */,
				58E389A51D51E3A1007DB1D0 /* UIImageView+LCHelp.m */,
				58E389A61D51E3A1007DB1D0 /* UIView+LCHelp.h */,
				58E389A71D51E3A1007DB1D0 /* UIView+LCHelp.m */,
			);
			path = Extensions;
			sourceTree = "<group>";
		};
		58E389A91D51E3A1007DB1D0 /* Utils */ = {
			isa = PBXGroup;
			children = (
				58E389AA1D51E3A1007DB1D0 /* LCKeyboardManager.h */,
				58E389AB1D51E3A1007DB1D0 /* LCKeyboardManager.m */,
				58E389AC1D51E3A1007DB1D0 /* LCModel.h */,
				58E389AD1D51E3A1007DB1D0 /* LCModel.m */,
				58E389AE1D51E3A1007DB1D0 /* LCUtil.h */,
			);
			path = Utils;
			sourceTree = "<group>";
		};
/* End PBXGroup section */

/* Begin PBXNativeTarget section */
		58E389021D51D031007DB1D0 /* LCHelper */ = {
			isa = PBXNativeTarget;
			buildConfigurationList = 58E389301D51D033007DB1D0 /* Build configuration list for PBXNativeTarget "LCHelper" */;
			buildPhases = (
				58E388FF1D51D031007DB1D0 /* Sources */,
				58E389001D51D031007DB1D0 /* Frameworks */,
				58E389011D51D031007DB1D0 /* Resources */,
			);
			buildRules = (
			);
			dependencies = (
			);
			name = LCHelper;
			productName = LCHelper;
			productReference = 58E389031D51D031007DB1D0 /* LCHelper.app */;
			productType = "com.apple.product-type.application";
		};
		58E3891B1D51D032007DB1D0 /* LCHelperTests */ = {
			isa = PBXNativeTarget;
			buildConfigurationList = 58E389331D51D033007DB1D0 /* Build configuration list for PBXNativeTarget "LCHelperTests" */;
			buildPhases = (
				58E389181D51D032007DB1D0 /* Sources */,
				58E389191D51D032007DB1D0 /* Frameworks */,
				58E3891A1D51D032007DB1D0 /* Resources */,
			);
			buildRules = (
			);
			dependencies = (
				58E3891E1D51D032007DB1D0 /* PBXTargetDependency */,
			);
			name = LCHelperTests;
			productName = LCHelperTests;
			productReference = 58E3891C1D51D032007DB1D0 /* LCHelperTests.xctest */;
			productType = "com.apple.product-type.bundle.unit-test";
		};
		58E389261D51D033007DB1D0 /* LCHelperUITests */ = {
			isa = PBXNativeTarget;
			buildConfigurationList = 58E389361D51D033007DB1D0 /* Build configuration list for PBXNativeTarget "LCHelperUITests" */;
			buildPhases = (
				58E389231D51D033007DB1D0 /* Sources */,
				58E389241D51D033007DB1D0 /* Frameworks */,
				58E389251D51D033007DB1D0 /* Resources */,
			);
			buildRules = (
			);
			dependencies = (
				58E389291D51D033007DB1D0 /* PBXTargetDependency */,
			);
			name = LCHelperUITests;
			productName = LCHelperUITests;
			productReference = 58E389271D51D033007DB1D0 /* LCHelperUITests.xctest */;
			productType = "com.apple.product-type.bundle.ui-testing";
		};
/* End PBXNativeTarget section */

/* Begin PBXProject section */
		58E388FB1D51D031007DB1D0 /* Project object */ = {
			isa = PBXProject;
			attributes = {
				LastUpgradeCheck = 0730;
				ORGANIZATIONNAME = LiuChang;
				TargetAttributes = {
					58E389021D51D031007DB1D0 = {
						CreatedOnToolsVersion = 7.3;
					};
					58E3891B1D51D032007DB1D0 = {
						CreatedOnToolsVersion = 7.3;
						TestTargetID = 58E389021D51D031007DB1D0;
					};
					58E389261D51D033007DB1D0 = {
						CreatedOnToolsVersion = 7.3;
						TestTargetID = 58E389021D51D031007DB1D0;
					};
				};
			};
			buildConfigurationList = 58E388FE1D51D031007DB1D0 /* Build configuration list for PBXProject "LCHelper" */;
			compatibilityVersion = "Xcode 3.2";
			developmentRegion = English;
			hasScannedForEncodings = 0;
			knownRegions = (
				en,
				Base,
			);
			mainGroup = 58E388FA1D51D031007DB1D0;
			productRefGroup = 58E389041D51D031007DB1D0 /* Products */;
			projectDirPath = "";
			projectRoot = "";
			targets = (
				58E389021D51D031007DB1D0 /* LCHelper */,
				58E3891B1D51D032007DB1D0 /* LCHelperTests */,
				58E389261D51D033007DB1D0 /* LCHelperUITests */,
			);
		};
/* End PBXProject section */

/* Begin PBXResourcesBuildPhase section */
		58E389011D51D031007DB1D0 /* Resources */ = {
			isa = PBXResourcesBuildPhase;
			buildActionMask = 2147483647;
			files = (
				58E389161D51D032007DB1D0 /* LaunchScreen.storyboard in Resources */,
				58E389131D51D032007DB1D0 /* Assets.xcassets in Resources */,
				58E389111D51D032007DB1D0 /* Main.storyboard in Resources */,
			);
			runOnlyForDeploymentPostprocessing = 0;
		};
		58E3891A1D51D032007DB1D0 /* Resources */ = {
			isa = PBXResourcesBuildPhase;
			buildActionMask = 2147483647;
			files = (
			);
			runOnlyForDeploymentPostprocessing = 0;
		};
		58E389251D51D033007DB1D0 /* Resources */ = {
			isa = PBXResourcesBuildPhase;
			buildActionMask = 2147483647;
			files = (
			);
			runOnlyForDeploymentPostprocessing = 0;
		};
/* End PBXResourcesBuildPhase section */

/* Begin PBXSourcesBuildPhase section */
		58E388FF1D51D031007DB1D0 /* Sources */ = {
			isa = PBXSourcesBuildPhase;
			buildActionMask = 2147483647;
			files = (
				58E389B31D51E3A1007DB1D0 /* NSTimer+LCHelp.m in Sources */,
				58E389B51D51E3A1007DB1D0 /* UIColor+LCHelp.m in Sources */,
				58E3890E1D51D032007DB1D0 /* ViewController.m in Sources */,
				58E389B01D51E3A1007DB1D0 /* NSDate+LCHelp.m in Sources */,
				58E389BB1D51E3A1007DB1D0 /* LCModel.m in Sources */,
				58E389B91D51E3A1007DB1D0 /* UIView+LCHelp.m in Sources */,
				58E389BA1D51E3A1007DB1D0 /* LCKeyboardManager.m in Sources */,
				58E3890B1D51D032007DB1D0 /* AppDelegate.m in Sources */,
				58E389081D51D032007DB1D0 /* main.m in Sources */,
				58E389B81D51E3A1007DB1D0 /* UIImageView+LCHelp.m in Sources */,
				58E389B21D51E3A1007DB1D0 /* NSObject+LCHelp.m in Sources */,
				58E389B61D51E3A1007DB1D0 /* UIControl+LCHelp.m in Sources */,
				58E389AF1D51E3A1007DB1D0 /* Foundation+Log.m in Sources */,
				58E389B11D51E3A1007DB1D0 /* NSNumber+LCHelp.m in Sources */,
				58E389B41D51E3A1007DB1D0 /* UIBarButtonItem+LCHelp.m in Sources */,
				58E389B71D51E3A1007DB1D0 /* UIImage+LCHelp.m in Sources */,
			);
			runOnlyForDeploymentPostprocessing = 0;
		};
		58E389181D51D032007DB1D0 /* Sources */ = {
			isa = PBXSourcesBuildPhase;
			buildActionMask = 2147483647;
			files = (
				58E389211D51D032007DB1D0 /* LCHelperTests.m in Sources */,
			);
			runOnlyForDeploymentPostprocessing = 0;
		};
		58E389231D51D033007DB1D0 /* Sources */ = {
			isa = PBXSourcesBuildPhase;
			buildActionMask = 2147483647;
			files = (
				58E3892C1D51D033007DB1D0 /* LCHelperUITests.m in Sources */,
			);
			runOnlyForDeploymentPostprocessing = 0;
		};
/* End PBXSourcesBuildPhase section */

/* Begin PBXTargetDependency section */
		58E3891E1D51D032007DB1D0 /* PBXTargetDependency */ = {
			isa = PBXTargetDependency;
			target = 58E389021D51D031007DB1D0 /* LCHelper */;
			targetProxy = 58E3891D1D51D032007DB1D0 /* PBXContainerItemProxy */;
		};
		58E389291D51D033007DB1D0 /* PBXTargetDependency */ = {
			isa = PBXTargetDependency;
			target = 58E389021D51D031007DB1D0 /* LCHelper */;
			targetProxy = 58E389281D51D033007DB1D0 /* PBXContainerItemProxy */;
		};
/* End PBXTargetDependency section */

/* Begin PBXVariantGroup section */
		58E3890F1D51D032007DB1D0 /* Main.storyboard */ = {
			isa = PBXVariantGroup;
			children = (
				58E389101D51D032007DB1D0 /* Base */,
			);
			name = Main.storyboard;
			sourceTree = "<group>";
		};
		58E389141D51D032007DB1D0 /* LaunchScreen.storyboard */ = {
			isa = PBXVariantGroup;
			children = (
				58E389151D51D032007DB1D0 /* Base */,
			);
			name = LaunchScreen.storyboard;
			sourceTree = "<group>";
		};
/* End PBXVariantGroup section */

/* Begin XCBuildConfiguration section */
		58E3892E1D51D033007DB1D0 /* Debug */ = {
			isa = XCBuildConfiguration;
			buildSettings = {
				ALWAYS_SEARCH_USER_PATHS = NO;
				CLANG_ANALYZER_NONNULL = YES;
				CLANG_CXX_LANGUAGE_STANDARD = "gnu++0x";
				CLANG_CXX_LIBRARY = "libc++";
				CLANG_ENABLE_MODULES = YES;
				CLANG_ENABLE_OBJC_ARC = YES;
				CLANG_WARN_BOOL_CONVERSION = YES;
				CLANG_WARN_CONSTANT_CONVERSION = YES;
				CLANG_WARN_DIRECT_OBJC_ISA_USAGE = YES_ERROR;
				CLANG_WARN_EMPTY_BODY = YES;
				CLANG_WARN_ENUM_CONVERSION = YES;
				CLANG_WARN_INT_CONVERSION = YES;
				CLANG_WARN_OBJC_ROOT_CLASS = YES_ERROR;
				CLANG_WARN_UNREACHABLE_CODE = YES;
				CLANG_WARN__DUPLICATE_METHOD_MATCH = YES;
				"CODE_SIGN_IDENTITY[sdk=iphoneos*]" = "iPhone Developer";
				COPY_PHASE_STRIP = NO;
				DEBUG_INFORMATION_FORMAT = dwarf;
				ENABLE_STRICT_OBJC_MSGSEND = YES;
				ENABLE_TESTABILITY = YES;
				GCC_C_LANGUAGE_STANDARD = gnu99;
				GCC_DYNAMIC_NO_PIC = NO;
				GCC_NO_COMMON_BLOCKS = YES;
				GCC_OPTIMIZATION_LEVEL = 0;
				GCC_PREPROCESSOR_DEFINITIONS = (
					"DEBUG=1",
					"$(inherited)",
				);
				GCC_WARN_64_TO_32_BIT_CONVERSION = YES;
				GCC_WARN_ABOUT_RETURN_TYPE = YES_ERROR;
				GCC_WARN_UNDECLARED_SELECTOR = YES;
				GCC_WARN_UNINITIALIZED_AUTOS = YES_AGGRESSIVE;
				GCC_WARN_UNUSED_FUNCTION = YES;
				GCC_WARN_UNUSED_VARIABLE = YES;
				IPHONEOS_DEPLOYMENT_TARGET = 9.3;
				MTL_ENABLE_DEBUG_INFO = YES;
				ONLY_ACTIVE_ARCH = YES;
				SDKROOT = iphoneos;
			};
			name = Debug;
		};
		58E3892F1D51D033007DB1D0 /* Release */ = {
			isa = XCBuildConfiguration;
			buildSettings = {
				ALWAYS_SEARCH_USER_PATHS = NO;
				CLANG_ANALYZER_NONNULL = YES;
				CLANG_CXX_LANGUAGE_STANDARD = "gnu++0x";
				CLANG_CXX_LIBRARY = "libc++";
				CLANG_ENABLE_MODULES = YES;
				CLANG_ENABLE_OBJC_ARC = YES;
				CLANG_WARN_BOOL_CONVERSION = YES;
				CLANG_WARN_CONSTANT_CONVERSION = YES;
				CLANG_WARN_DIRECT_OBJC_ISA_USAGE = YES_ERROR;
				CLANG_WARN_EMPTY_BODY = YES;
				CLANG_WARN_ENUM_CONVERSION = YES;
				CLANG_WARN_INT_CONVERSION = YES;
				CLANG_WARN_OBJC_ROOT_CLASS = YES_ERROR;
				CLANG_WARN_UNREACHABLE_CODE = YES;
				CLANG_WARN__DUPLICATE_METHOD_MATCH = YES;
				"CODE_SIGN_IDENTITY[sdk=iphoneos*]" = "iPhone Developer";
				COPY_PHASE_STRIP = NO;
				DEBUG_INFORMATION_FORMAT = "dwarf-with-dsym";
				ENABLE_NS_ASSERTIONS = NO;
				ENABLE_STRICT_OBJC_MSGSEND = YES;
				GCC_C_LANGUAGE_STANDARD = gnu99;
				GCC_NO_COMMON_BLOCKS = YES;
				GCC_WARN_64_TO_32_BIT_CONVERSION = YES;
				GCC_WARN_ABOUT_RETURN_TYPE = YES_ERROR;
				GCC_WARN_UNDECLARED_SELECTOR = YES;
				GCC_WARN_UNINITIALIZED_AUTOS = YES_AGGRESSIVE;
				GCC_WARN_UNUSED_FUNCTION = YES;
				GCC_WARN_UNUSED_VARIABLE = YES;
				IPHONEOS_DEPLOYMENT_TARGET = 9.3;
				MTL_ENABLE_DEBUG_INFO = NO;
				SDKROOT = iphoneos;
				VALIDATE_PRODUCT = YES;
			};
			name = Release;
		};
		58E389311D51D033007DB1D0 /* Debug */ = {
			isa = XCBuildConfiguration;
			buildSettings = {
				ASSETCATALOG_COMPILER_APPICON_NAME = AppIcon;
				INFOPLIST_FILE = LCHelper/Info.plist;
				LD_RUNPATH_SEARCH_PATHS = "$(inherited) @executable_path/Frameworks";
				PRODUCT_BUNDLE_IDENTIFIER = "LiuChang-Project.LCHelper";
				PRODUCT_NAME = "$(TARGET_NAME)";
			};
			name = Debug;
		};
		58E389321D51D033007DB1D0 /* Release */ = {
			isa = XCBuildConfiguration;
			buildSettings = {
				ASSETCATALOG_COMPILER_APPICON_NAME = AppIcon;
				INFOPLIST_FILE = LCHelper/Info.plist;
				LD_RUNPATH_SEARCH_PATHS = "$(inherited) @executable_path/Frameworks";
				PRODUCT_BUNDLE_IDENTIFIER = "LiuChang-Project.LCHelper";
				PRODUCT_NAME = "$(TARGET_NAME)";
			};
			name = Release;
		};
		58E389341D51D033007DB1D0 /* Debug */ = {
			isa = XCBuildConfiguration;
			buildSettings = {
				BUNDLE_LOADER = "$(TEST_HOST)";
				INFOPLIST_FILE = LCHelperTests/Info.plist;
				LD_RUNPATH_SEARCH_PATHS = "$(inherited) @executable_path/Frameworks @loader_path/Frameworks";
				PRODUCT_BUNDLE_IDENTIFIER = "LiuChang-Project.LCHelperTests";
				PRODUCT_NAME = "$(TARGET_NAME)";
				TEST_HOST = "$(BUILT_PRODUCTS_DIR)/LCHelper.app/LCHelper";
			};
			name = Debug;
		};
		58E389351D51D033007DB1D0 /* Release */ = {
			isa = XCBuildConfiguration;
			buildSettings = {
				BUNDLE_LOADER = "$(TEST_HOST)";
				INFOPLIST_FILE = LCHelperTests/Info.plist;
				LD_RUNPATH_SEARCH_PATHS = "$(inherited) @executable_path/Frameworks @loader_path/Frameworks";
				PRODUCT_BUNDLE_IDENTIFIER = "LiuChang-Project.LCHelperTests";
				PRODUCT_NAME = "$(TARGET_NAME)";
				TEST_HOST = "$(BUILT_PRODUCTS_DIR)/LCHelper.app/LCHelper";
			};
			name = Release;
		};
		58E389371D51D033007DB1D0 /* Debug */ = {
			isa = XCBuildConfiguration;
			buildSettings = {
				INFOPLIST_FILE = LCHelperUITests/Info.plist;
				LD_RUNPATH_SEARCH_PATHS = "$(inherited) @executable_path/Frameworks @loader_path/Frameworks";
				PRODUCT_BUNDLE_IDENTIFIER = "LiuChang-Project.LCHelperUITests";
				PRODUCT_NAME = "$(TARGET_NAME)";
				TEST_TARGET_NAME = LCHelper;
			};
			name = Debug;
		};
		58E389381D51D033007DB1D0 /* Release */ = {
			isa = XCBuildConfiguration;
			buildSettings = {
				INFOPLIST_FILE = LCHelperUITests/Info.plist;
				LD_RUNPATH_SEARCH_PATHS = "$(inherited) @executable_path/Frameworks @loader_path/Frameworks";
				PRODUCT_BUNDLE_IDENTIFIER = "LiuChang-Project.LCHelperUITests";
				PRODUCT_NAME = "$(TARGET_NAME)";
				TEST_TARGET_NAME = LCHelper;
			};
			name = Release;
		};
/* End XCBuildConfiguration section */

/* Begin XCConfigurationList section */
		58E388FE1D51D031007DB1D0 /* Build configuration list for PBXProject "LCHelper" */ = {
			isa = XCConfigurationList;
			buildConfigurations = (
				58E3892E1D51D033007DB1D0 /* Debug */,
				58E3892F1D51D033007DB1D0 /* Release */,
			);
			defaultConfigurationIsVisible = 0;
			defaultConfigurationName = Release;
		};
		58E389301D51D033007DB1D0 /* Build configuration list for PBXNativeTarget "LCHelper" */ = {
			isa = XCConfigurationList;
			buildConfigurations = (
				58E389311D51D033007DB1D0 /* Debug */,
				58E389321D51D033007DB1D0 /* Release */,
			);
			defaultConfigurationIsVisible = 0;
			defaultConfigurationName = Release;
		};
		58E389331D51D033007DB1D0 /* Build configuration list for PBXNativeTarget "LCHelperTests" */ = {
			isa = XCConfigurationList;
			buildConfigurations = (
				58E389341D51D033007DB1D0 /* Debug */,
				58E389351D51D033007DB1D0 /* Release */,
			);
			defaultConfigurationIsVisible = 0;
			defaultConfigurationName = Release;
		};
		58E389361D51D033007DB1D0 /* Build configuration list for PBXNativeTarget "LCHelperUITests" */ = {
			isa = XCConfigurationList;
			buildConfigurations = (
				58E389371D51D033007DB1D0 /* Debug */,
				58E389381D51D033007DB1D0 /* Release */,
			);
			defaultConfigurationIsVisible = 0;
			defaultConfigurationName = Release;
		};
/* End XCConfigurationList section */
	};
	rootObject = 58E388FB1D51D031007DB1D0 /* Project object */;
}
